
Microsoft Visual Studio Solution File, Format Version 12.00
# Visual Studio Version 17
VisualStudioVersion = 17.4.33122.133
MinimumVisualStudioVersion = 10.0.40219.1
Project("{FAE04EC0-301F-11D3-BF4B-00C04F79EFBC}") = "WpfApp2", "WpfApp2\WpfApp2.csproj", "{78BF4EE9-6E6A-4F3A-B89C-65B1A0036BA8}"
EndProject
Global
	GlobalSection(SolutionConfigurationPlatforms) = preSolution
		Debug|Any CPU = Debug|Any CPU
		Release|Any CPU = Release|Any CPU
	EndGlobalSection
	GlobalSection(ProjectConfigurationPlatforms) = postSolution
		{78BF4EE9-6E6A-4F3A-B89C-65B1A0036BA8}.Debug|Any CPU.ActiveCfg = Debug|Any CPU
		{78BF4EE9-6E6A-4F3A-B89C-65B1A0036BA8}.Debug|Any CPU.Build.0 = Debug|Any CPU
		{78BF4EE9-6E6A-4F3A-B89C-65B1A0036BA8}.Release|Any CPU.ActiveCfg = Release|Any CPU
		{78BF4EE9-6E6A-4F3A-B89C-65B1A0036BA8}.Release|Any CPU.Build.0 = Release|Any CPU
	EndGlobalSection
	GlobalSection(SolutionProperties) = preSolution
		HideSolutionNode = FALSE
	EndGlobalSection
	GlobalSection(ExtensibilityGlobals) = postSolution
		SolutionGuid = {65DD54D9-6A63-42D2-8DE6-BDE39CB97C15}
	EndGlobalSection
EndGlobal
